// !$*UTF8*$!
{
	archiveVersion = 1;
	classes = {
	};
	objectVersion = 46;
	objects = {

/* Begin PBXBuildFile section */
		B5277D3E627332CD8696808D /* Pods_PersonalFinance.framework in Frameworks */ = {isa = PBXBuildFile; fileRef = C8BABF7717E6F0B7996BF04E /* Pods_PersonalFinance.framework */; };
		D55D4B3F1FA4B9E9008A034D /* CategoryHeaderCell.swift in Sources */ = {isa = PBXBuildFile; fileRef = D55D4B3E1FA4B9E9008A034D /* CategoryHeaderCell.swift */; };
		D589895C1FAF64E5005EAAF3 /* MonthReportCell.swift in Sources */ = {isa = PBXBuildFile; fileRef = D589895B1FAF64E5005EAAF3 /* MonthReportCell.swift */; };
		D589895E1FAFC2D4005EAAF3 /* MonthReportDetailsController.swift in Sources */ = {isa = PBXBuildFile; fileRef = D589895D1FAFC2D4005EAAF3 /* MonthReportDetailsController.swift */; };
		D58989601FAFCC38005EAAF3 /* Bill.swift in Sources */ = {isa = PBXBuildFile; fileRef = D589895F1FAFCC38005EAAF3 /* Bill.swift */; };
		D58989621FAFD59D005EAAF3 /* BillCell.swift in Sources */ = {isa = PBXBuildFile; fileRef = D58989611FAFD59D005EAAF3 /* BillCell.swift */; };
		D58989681FBFAA09005EAAF3 /* LibraryAPI.swift in Sources */ = {isa = PBXBuildFile; fileRef = D58989671FBFAA09005EAAF3 /* LibraryAPI.swift */; };
		D589896A1FBFB262005EAAF3 /* PersistencyManager.swift in Sources */ = {isa = PBXBuildFile; fileRef = D58989691FBFB262005EAAF3 /* PersistencyManager.swift */; };
		D589896C1FC08AC7005EAAF3 /* DefaultUser.swift in Sources */ = {isa = PBXBuildFile; fileRef = D589896B1FC08AC6005EAAF3 /* DefaultUser.swift */; };
		D58989701FC0D1BF005EAAF3 /* CustomCollectionViewCell.swift in Sources */ = {isa = PBXBuildFile; fileRef = D589896F1FC0D1BF005EAAF3 /* CustomCollectionViewCell.swift */; };
		D58989731FC106DE005EAAF3 /* BillsController.swift in Sources */ = {isa = PBXBuildFile; fileRef = D58989721FC106DE005EAAF3 /* BillsController.swift */; };
		D58989751FC10B51005EAAF3 /* BillTableViewCell.swift in Sources */ = {isa = PBXBuildFile; fileRef = D58989741FC10B51005EAAF3 /* BillTableViewCell.swift */; };
		D59399371FAF55A300434703 /* MonthReportController.swift in Sources */ = {isa = PBXBuildFile; fileRef = D59399361FAF55A300434703 /* MonthReportController.swift */; };
		D59754DF1F98D340001BBE8B /* AppDelegate.swift in Sources */ = {isa = PBXBuildFile; fileRef = D59754DE1F98D340001BBE8B /* AppDelegate.swift */; };
		D59754E11F98D340001BBE8B /* HomeController.swift in Sources */ = {isa = PBXBuildFile; fileRef = D59754E01F98D340001BBE8B /* HomeController.swift */; };
		D59754E61F98D340001BBE8B /* Assets.xcassets in Resources */ = {isa = PBXBuildFile; fileRef = D59754E51F98D340001BBE8B /* Assets.xcassets */; };
		D59754F51F98E943001BBE8B /* Extensions.swift in Sources */ = {isa = PBXBuildFile; fileRef = D59754F41F98E943001BBE8B /* Extensions.swift */; };
		D59754F71F9A32DE001BBE8B /* CategoryCell.swift in Sources */ = {isa = PBXBuildFile; fileRef = D59754F61F9A32DE001BBE8B /* CategoryCell.swift */; };
		D59754F91F9A3EC2001BBE8B /* HeaderCell.swift in Sources */ = {isa = PBXBuildFile; fileRef = D59754F81F9A3EC2001BBE8B /* HeaderCell.swift */; };
		D59754FD1F9BE3A4001BBE8B /* Colors.swift in Sources */ = {isa = PBXBuildFile; fileRef = D59754FC1F9BE3A4001BBE8B /* Colors.swift */; };
		D59754FF1F9C3A12001BBE8B /* GoogleService-Info.plist in Resources */ = {isa = PBXBuildFile; fileRef = D59754FE1F9C3A12001BBE8B /* GoogleService-Info.plist */; };
		D59755011F9E3E0D001BBE8B /* Category.swift in Sources */ = {isa = PBXBuildFile; fileRef = D59755001F9E3E0D001BBE8B /* Category.swift */; };
		D59755031F9E87C6001BBE8B /* CustomImageView.swift in Sources */ = {isa = PBXBuildFile; fileRef = D59755021F9E87C6001BBE8B /* CustomImageView.swift */; };
		D59755051F9E8946001BBE8B /* CustomButton.swift in Sources */ = {isa = PBXBuildFile; fileRef = D59755041F9E8946001BBE8B /* CustomButton.swift */; };
		D5F017FD1FA3B4A100A2EFA3 /* AddCategoryController.swift in Sources */ = {isa = PBXBuildFile; fileRef = D5F017FC1FA3B4A100A2EFA3 /* AddCategoryController.swift */; };
/* End PBXBuildFile section */

/* Begin PBXFileReference section */
		4E47D166CABD39F148E9B0FC /* Pods-PersonalFinance.debug.xcconfig */ = {isa = PBXFileReference; includeInIndex = 1; lastKnownFileType = text.xcconfig; name = "Pods-PersonalFinance.debug.xcconfig"; path = "Pods/Target Support Files/Pods-PersonalFinance/Pods-PersonalFinance.debug.xcconfig"; sourceTree = "<group>"; };
		C8BABF7717E6F0B7996BF04E /* Pods_PersonalFinance.framework */ = {isa = PBXFileReference; explicitFileType = wrapper.framework; includeInIndex = 0; path = Pods_PersonalFinance.framework; sourceTree = BUILT_PRODUCTS_DIR; };
		D55D4B3E1FA4B9E9008A034D /* CategoryHeaderCell.swift */ = {isa = PBXFileReference; fileEncoding = 4; lastKnownFileType = sourcecode.swift; path = CategoryHeaderCell.swift; sourceTree = "<group>"; };
		D589895B1FAF64E5005EAAF3 /* MonthReportCell.swift */ = {isa = PBXFileReference; fileEncoding = 4; lastKnownFileType = sourcecode.swift; path = MonthReportCell.swift; sourceTree = "<group>"; };
		D589895D1FAFC2D4005EAAF3 /* MonthReportDetailsController.swift */ = {isa = PBXFileReference; fileEncoding = 4; lastKnownFileType = sourcecode.swift; path = MonthReportDetailsController.swift; sourceTree = "<group>"; };
		D589895F1FAFCC38005EAAF3 /* Bill.swift */ = {isa = PBXFileReference; fileEncoding = 4; lastKnownFileType = sourcecode.swift; path = Bill.swift; sourceTree = "<group>"; };
		D58989611FAFD59D005EAAF3 /* BillCell.swift */ = {isa = PBXFileReference; fileEncoding = 4; lastKnownFileType = sourcecode.swift; path = BillCell.swift; sourceTree = "<group>"; };
		D58989671FBFAA09005EAAF3 /* LibraryAPI.swift */ = {isa = PBXFileReference; fileEncoding = 4; lastKnownFileType = sourcecode.swift; path = LibraryAPI.swift; sourceTree = "<group>"; };
		D58989691FBFB262005EAAF3 /* PersistencyManager.swift */ = {isa = PBXFileReference; fileEncoding = 4; lastKnownFileType = sourcecode.swift; path = PersistencyManager.swift; sourceTree = "<group>"; };
		D589896B1FC08AC6005EAAF3 /* DefaultUser.swift */ = {isa = PBXFileReference; fileEncoding = 4; lastKnownFileType = sourcecode.swift; name = DefaultUser.swift; path = ../DefaultUser.swift; sourceTree = "<group>"; };
		D589896F1FC0D1BF005EAAF3 /* CustomCollectionViewCell.swift */ = {isa = PBXFileReference; fileEncoding = 4; lastKnownFileType = sourcecode.swift; path = CustomCollectionViewCell.swift; sourceTree = "<group>"; };
		D58989721FC106DE005EAAF3 /* BillsController.swift */ = {isa = PBXFileReference; fileEncoding = 4; lastKnownFileType = sourcecode.swift; path = BillsController.swift; sourceTree = "<group>"; };
		D58989741FC10B51005EAAF3 /* BillTableViewCell.swift */ = {isa = PBXFileReference; fileEncoding = 4; lastKnownFileType = sourcecode.swift; path = BillTableViewCell.swift; sourceTree = "<group>"; };
		D59399361FAF55A300434703 /* MonthReportController.swift */ = {isa = PBXFileReference; fileEncoding = 4; lastKnownFileType = sourcecode.swift; path = MonthReportController.swift; sourceTree = "<group>"; };
		D59754DB1F98D340001BBE8B /* PersonalFinance.app */ = {isa = PBXFileReference; explicitFileType = wrapper.application; includeInIndex = 0; path = PersonalFinance.app; sourceTree = BUILT_PRODUCTS_DIR; };
		D59754DE1F98D340001BBE8B /* AppDelegate.swift */ = {isa = PBXFileReference; lastKnownFileType = sourcecode.swift; path = AppDelegate.swift; sourceTree = "<group>"; };
		D59754E01F98D340001BBE8B /* HomeController.swift */ = {isa = PBXFileReference; lastKnownFileType = sourcecode.swift; path = HomeController.swift; sourceTree = "<group>"; };
		D59754E51F98D340001BBE8B /* Assets.xcassets */ = {isa = PBXFileReference; lastKnownFileType = folder.assetcatalog; path = Assets.xcassets; sourceTree = "<group>"; };
		D59754EA1F98D340001BBE8B /* Info.plist */ = {isa = PBXFileReference; lastKnownFileType = text.plist.xml; path = Info.plist; sourceTree = "<group>"; };
		D59754F41F98E943001BBE8B /* Extensions.swift */ = {isa = PBXFileReference; fileEncoding = 4; lastKnownFileType = sourcecode.swift; path = Extensions.swift; sourceTree = "<group>"; };
		D59754F61F9A32DE001BBE8B /* CategoryCell.swift */ = {isa = PBXFileReference; fileEncoding = 4; lastKnownFileType = sourcecode.swift; path = CategoryCell.swift; sourceTree = "<group>"; };
		D59754F81F9A3EC2001BBE8B /* HeaderCell.swift */ = {isa = PBXFileReference; fileEncoding = 4; lastKnownFileType = sourcecode.swift; path = HeaderCell.swift; sourceTree = "<group>"; };
		D59754FC1F9BE3A4001BBE8B /* Colors.swift */ = {isa = PBXFileReference; fileEncoding = 4; lastKnownFileType = sourcecode.swift; path = Colors.swift; sourceTree = "<group>"; };
		D59754FE1F9C3A12001BBE8B /* GoogleService-Info.plist */ = {isa = PBXFileReference; fileEncoding = 4; lastKnownFileType = text.plist.xml; path = "GoogleService-Info.plist"; sourceTree = "<group>"; };
		D59755001F9E3E0D001BBE8B /* Category.swift */ = {isa = PBXFileReference; fileEncoding = 4; lastKnownFileType = sourcecode.swift; path = Category.swift; sourceTree = "<group>"; };
		D59755021F9E87C6001BBE8B /* CustomImageView.swift */ = {isa = PBXFileReference; fileEncoding = 4; lastKnownFileType = sourcecode.swift; path = CustomImageView.swift; sourceTree = "<group>"; };
		D59755041F9E8946001BBE8B /* CustomButton.swift */ = {isa = PBXFileReference; fileEncoding = 4; lastKnownFileType = sourcecode.swift; path = CustomButton.swift; sourceTree = "<group>"; };
		D597550A1F9ED200001BBE8B /* PersonalFinance.entitlements */ = {isa = PBXFileReference; lastKnownFileType = text.plist.entitlements; path = PersonalFinance.entitlements; sourceTree = "<group>"; };
		D5F017FC1FA3B4A100A2EFA3 /* AddCategoryController.swift */ = {isa = PBXFileReference; fileEncoding = 4; lastKnownFileType = sourcecode.swift; path = AddCategoryController.swift; sourceTree = "<group>"; };
		F3D209C5260E4608C9A4655B /* Pods-PersonalFinance.release.xcconfig */ = {isa = PBXFileReference; includeInIndex = 1; lastKnownFileType = text.xcconfig; name = "Pods-PersonalFinance.release.xcconfig"; path = "Pods/Target Support Files/Pods-PersonalFinance/Pods-PersonalFinance.release.xcconfig"; sourceTree = "<group>"; };
/* End PBXFileReference section */

/* Begin PBXFrameworksBuildPhase section */
		D59754D81F98D33F001BBE8B /* Frameworks */ = {
			isa = PBXFrameworksBuildPhase;
			buildActionMask = 2147483647;
			files = (
				B5277D3E627332CD8696808D /* Pods_PersonalFinance.framework in Frameworks */,
			);
			runOnlyForDeploymentPostprocessing = 0;
		};
/* End PBXFrameworksBuildPhase section */

/* Begin PBXGroup section */
		488925863768D9599A3D90B9 /* Frameworks */ = {
			isa = PBXGroup;
			children = (
				C8BABF7717E6F0B7996BF04E /* Pods_PersonalFinance.framework */,
			);
			name = Frameworks;
			sourceTree = "<group>";
		};
		7C31D3FA0222FA3061B4FADF /* Pods */ = {
			isa = PBXGroup;
			children = (
				4E47D166CABD39F148E9B0FC /* Pods-PersonalFinance.debug.xcconfig */,
				F3D209C5260E4608C9A4655B /* Pods-PersonalFinance.release.xcconfig */,
			);
			name = Pods;
			sourceTree = "<group>";
		};
		D58989631FBFA990005EAAF3 /* Home */ = {
			isa = PBXGroup;
			children = (
				D59754E01F98D340001BBE8B /* HomeController.swift */,
			);
			name = Home;
			sourceTree = "<group>";
		};
		D58989641FBFA997005EAAF3 /* AddCategory */ = {
			isa = PBXGroup;
			children = (
				D5F017FC1FA3B4A100A2EFA3 /* AddCategoryController.swift */,
			);
			name = AddCategory;
			sourceTree = "<group>";
		};
		D58989651FBFA9B1005EAAF3 /* LibraryAPI */ = {
			isa = PBXGroup;
			children = (
				D589896B1FC08AC6005EAAF3 /* DefaultUser.swift */,
				D58989671FBFAA09005EAAF3 /* LibraryAPI.swift */,
				D58989691FBFB262005EAAF3 /* PersistencyManager.swift */,
			);
			name = LibraryAPI;
			sourceTree = "<group>";
		};
		D589896D1FC0D1A9005EAAF3 /* CustomCell */ = {
			isa = PBXGroup;
			children = (
				D589896F1FC0D1BF005EAAF3 /* CustomCollectionViewCell.swift */,
			);
			name = CustomCell;
			sourceTree = "<group>";
		};
		D58989711FC106C6005EAAF3 /* MonthReportTable */ = {
			isa = PBXGroup;
			children = (
				D58989721FC106DE005EAAF3 /* BillsController.swift */,
				D58989741FC10B51005EAAF3 /* BillTableViewCell.swift */,
			);
			name = MonthReportTable;
			sourceTree = "<group>";
		};
		D59399381FAF628700434703 /* MonthReport */ = {
			isa = PBXGroup;
			children = (
				D589896D1FC0D1A9005EAAF3 /* CustomCell */,
				D59399361FAF55A300434703 /* MonthReportController.swift */,
				D589895B1FAF64E5005EAAF3 /* MonthReportCell.swift */,
				D589895D1FAFC2D4005EAAF3 /* MonthReportDetailsController.swift */,
				D58989611FAFD59D005EAAF3 /* BillCell.swift */,
			);
			name = MonthReport;
			sourceTree = "<group>";
		};
		D59754D21F98D33F001BBE8B = {
			isa = PBXGroup;
			children = (
				D59754DD1F98D340001BBE8B /* PersonalFinance */,
				D59754DC1F98D340001BBE8B /* Products */,
				7C31D3FA0222FA3061B4FADF /* Pods */,
				488925863768D9599A3D90B9 /* Frameworks */,
			);
			sourceTree = "<group>";
		};
		D59754DC1F98D340001BBE8B /* Products */ = {
			isa = PBXGroup;
			children = (
				D59754DB1F98D340001BBE8B /* PersonalFinance.app */,
			);
			name = Products;
			sourceTree = "<group>";
		};
		D59754DD1F98D340001BBE8B /* PersonalFinance */ = {
			isa = PBXGroup;
			children = (
				D58989651FBFA9B1005EAAF3 /* LibraryAPI */,
				D597550A1F9ED200001BBE8B /* PersonalFinance.entitlements */,
				D59754DE1F98D340001BBE8B /* AppDelegate.swift */,
				D59754F31F98E8AE001BBE8B /* controllers */,
				D59754F21F98E8A9001BBE8B /* view */,
				D59754F11F98E8A4001BBE8B /* model */,
				D59754F01F98E895001BBE8B /* extensions */,
				D59754E51F98D340001BBE8B /* Assets.xcassets */,
				D59754EA1F98D340001BBE8B /* Info.plist */,
				D59754FE1F9C3A12001BBE8B /* GoogleService-Info.plist */,
			);
			path = PersonalFinance;
			sourceTree = "<group>";
		};
		D59754F01F98E895001BBE8B /* extensions */ = {
			isa = PBXGroup;
			children = (
				D59754F41F98E943001BBE8B /* Extensions.swift */,
				D59754FC1F9BE3A4001BBE8B /* Colors.swift */,
				D59755021F9E87C6001BBE8B /* CustomImageView.swift */,
				D59755041F9E8946001BBE8B /* CustomButton.swift */,
			);
			name = extensions;
			sourceTree = "<group>";
		};
		D59754F11F98E8A4001BBE8B /* model */ = {
			isa = PBXGroup;
			children = (
				D59755001F9E3E0D001BBE8B /* Category.swift */,
				D589895F1FAFCC38005EAAF3 /* Bill.swift */,
			);
			name = model;
			sourceTree = "<group>";
		};
		D59754F21F98E8A9001BBE8B /* view */ = {
			isa = PBXGroup;
			children = (
				D59754F61F9A32DE001BBE8B /* CategoryCell.swift */,
				D59754F81F9A3EC2001BBE8B /* HeaderCell.swift */,
				D55D4B3E1FA4B9E9008A034D /* CategoryHeaderCell.swift */,
			);
			name = view;
			sourceTree = "<group>";
		};
		D59754F31F98E8AE001BBE8B /* controllers */ = {
			isa = PBXGroup;
			children = (
				D58989711FC106C6005EAAF3 /* MonthReportTable */,
				D58989641FBFA997005EAAF3 /* AddCategory */,
				D58989631FBFA990005EAAF3 /* Home */,
				D59399381FAF628700434703 /* MonthReport */,
			);
			name = controllers;
			sourceTree = "<group>";
		};
/* End PBXGroup section */

/* Begin PBXNativeTarget section */
		D59754DA1F98D33F001BBE8B /* PersonalFinance */ = {
			isa = PBXNativeTarget;
			buildConfigurationList = D59754ED1F98D340001BBE8B /* Build configuration list for PBXNativeTarget "PersonalFinance" */;
			buildPhases = (
				13D6E405BC72B2515775B200 /* [CP] Check Pods Manifest.lock */,
				D59754D71F98D33F001BBE8B /* Sources */,
				D59754D81F98D33F001BBE8B /* Frameworks */,
				D59754D91F98D33F001BBE8B /* Resources */,
				2F3A34D85FF9327E8646C636 /* [CP] Embed Pods Frameworks */,
				7C2A165FFF526C71D5486345 /* [CP] Copy Pods Resources */,
			);
			buildRules = (
			);
			dependencies = (
			);
			name = PersonalFinance;
			productName = PersonalFinance;
			productReference = D59754DB1F98D340001BBE8B /* PersonalFinance.app */;
			productType = "com.apple.product-type.application";
		};
/* End PBXNativeTarget section */

/* Begin PBXProject section */
		D59754D31F98D33F001BBE8B /* Project object */ = {
			isa = PBXProject;
			attributes = {
				LastSwiftUpdateCheck = 0820;
				LastUpgradeCheck = 0820;
				ORGANIZATIONNAME = "José de Almeida Cavalcante Neto";
				TargetAttributes = {
					D59754DA1F98D33F001BBE8B = {
						CreatedOnToolsVersion = 8.2.1;
						DevelopmentTeam = RRVMFHT69M;
						ProvisioningStyle = Automatic;
						SystemCapabilities = {
							com.apple.WAC = {
								enabled = 0;
							};
						};
					};
				};
			};
			buildConfigurationList = D59754D61F98D33F001BBE8B /* Build configuration list for PBXProject "PersonalFinance" */;
			compatibilityVersion = "Xcode 3.2";
			developmentRegion = English;
			hasScannedForEncodings = 0;
			knownRegions = (
				en,
				Base,
			);
			mainGroup = D59754D21F98D33F001BBE8B;
			productRefGroup = D59754DC1F98D340001BBE8B /* Products */;
			projectDirPath = "";
			projectRoot = "";
			targets = (
				D59754DA1F98D33F001BBE8B /* PersonalFinance */,
			);
		};
/* End PBXProject section */

/* Begin PBXResourcesBuildPhase section */
		D59754D91F98D33F001BBE8B /* Resources */ = {
			isa = PBXResourcesBuildPhase;
			buildActionMask = 2147483647;
			files = (
				D59754E61F98D340001BBE8B /* Assets.xcassets in Resources */,
				D59754FF1F9C3A12001BBE8B /* GoogleService-Info.plist in Resources */,
			);
			runOnlyForDeploymentPostprocessing = 0;
		};
/* End PBXResourcesBuildPhase section */

/* Begin PBXShellScriptBuildPhase section */
		13D6E405BC72B2515775B200 /* [CP] Check Pods Manifest.lock */ = {
			isa = PBXShellScriptBuildPhase;
			buildActionMask = 2147483647;
			files = (
			);
			inputPaths = (
			);
			name = "[CP] Check Pods Manifest.lock";
			outputPaths = (
			);
			runOnlyForDeploymentPostprocessing = 0;
			shellPath = /bin/sh;
			shellScript = "diff \"${PODS_ROOT}/../Podfile.lock\" \"${PODS_ROOT}/Manifest.lock\" > /dev/null\nif [[ $? != 0 ]] ; then\n    cat << EOM\nerror: The sandbox is not in sync with the Podfile.lock. Run 'pod install' or update your CocoaPods installation.\nEOM\n    exit 1\nfi\n";
			showEnvVarsInLog = 0;
		};
		2F3A34D85FF9327E8646C636 /* [CP] Embed Pods Frameworks */ = {
			isa = PBXShellScriptBuildPhase;
			buildActionMask = 2147483647;
			files = (
			);
			inputPaths = (
			);
			name = "[CP] Embed Pods Frameworks";
			outputPaths = (
			);
			runOnlyForDeploymentPostprocessing = 0;
			shellPath = /bin/sh;
			shellScript = "\"${SRCROOT}/Pods/Target Support Files/Pods-PersonalFinance/Pods-PersonalFinance-frameworks.sh\"\n";
			showEnvVarsInLog = 0;
		};
		7C2A165FFF526C71D5486345 /* [CP] Copy Pods Resources */ = {
			isa = PBXShellScriptBuildPhase;
			buildActionMask = 2147483647;
			files = (
			);
			inputPaths = (
			);
			name = "[CP] Copy Pods Resources";
			outputPaths = (
			);
			runOnlyForDeploymentPostprocessing = 0;
			shellPath = /bin/sh;
			shellScript = "\"${SRCROOT}/Pods/Target Support Files/Pods-PersonalFinance/Pods-PersonalFinance-resources.sh\"\n";
			showEnvVarsInLog = 0;
		};
/* End PBXShellScriptBuildPhase section */

/* Begin PBXSourcesBuildPhase section */
		D59754D71F98D33F001BBE8B /* Sources */ = {
			isa = PBXSourcesBuildPhase;
			buildActionMask = 2147483647;
			files = (
				D589895C1FAF64E5005EAAF3 /* MonthReportCell.swift in Sources */,
				D59754E11F98D340001BBE8B /* HomeController.swift in Sources */,
				D59755031F9E87C6001BBE8B /* CustomImageView.swift in Sources */,
				D589896C1FC08AC7005EAAF3 /* DefaultUser.swift in Sources */,
				D58989751FC10B51005EAAF3 /* BillTableViewCell.swift in Sources */,
				D58989681FBFAA09005EAAF3 /* LibraryAPI.swift in Sources */,
				D589895E1FAFC2D4005EAAF3 /* MonthReportDetailsController.swift in Sources */,
				D58989731FC106DE005EAAF3 /* BillsController.swift in Sources */,
				D59755051F9E8946001BBE8B /* CustomButton.swift in Sources */,
				D59754FD1F9BE3A4001BBE8B /* Colors.swift in Sources */,
				D59754F91F9A3EC2001BBE8B /* HeaderCell.swift in Sources */,
				D58989601FAFCC38005EAAF3 /* Bill.swift in Sources */,
				D589896A1FBFB262005EAAF3 /* PersistencyManager.swift in Sources */,
				D58989701FC0D1BF005EAAF3 /* CustomCollectionViewCell.swift in Sources */,
				D55D4B3F1FA4B9E9008A034D /* CategoryHeaderCell.swift in Sources */,
				D59754DF1F98D340001BBE8B /* AppDelegate.swift in Sources */,
				D58989621FAFD59D005EAAF3 /* BillCell.swift in Sources */,
				D59754F51F98E943001BBE8B /* Extensions.swift in Sources */,
				D59399371FAF55A300434703 /* MonthReportController.swift in Sources */,
				D59754F71F9A32DE001BBE8B /* CategoryCell.swift in Sources */,
				D59755011F9E3E0D001BBE8B /* Category.swift in Sources */,
				D5F017FD1FA3B4A100A2EFA3 /* AddCategoryController.swift in Sources */,
			);
			runOnlyForDeploymentPostprocessing = 0;
		};
/* End PBXSourcesBuildPhase section */

/* Begin XCBuildConfiguration section */
		D59754EB1F98D340001BBE8B /* Debug */ = {
			isa = XCBuildConfiguration;
			buildSettings = {
				ALWAYS_SEARCH_USER_PATHS = NO;
				CLANG_ANALYZER_NONNULL = YES;
				CLANG_CXX_LANGUAGE_STANDARD = "gnu++0x";
				CLANG_CXX_LIBRARY = "libc++";
				CLANG_ENABLE_MODULES = YES;
				CLANG_ENABLE_OBJC_ARC = YES;
				CLANG_WARN_BOOL_CONVERSION = YES;
				CLANG_WARN_CONSTANT_CONVERSION = YES;
				CLANG_WARN_DIRECT_OBJC_ISA_USAGE = YES_ERROR;
				CLANG_WARN_DOCUMENTATION_COMMENTS = YES;
				CLANG_WARN_EMPTY_BODY = YES;
				CLANG_WARN_ENUM_CONVERSION = YES;
				CLANG_WARN_INFINITE_RECURSION = YES;
				CLANG_WARN_INT_CONVERSION = YES;
				CLANG_WARN_OBJC_ROOT_CLASS = YES_ERROR;
				CLANG_WARN_SUSPICIOUS_MOVE = YES;
				CLANG_WARN_UNREACHABLE_CODE = YES;
				CLANG_WARN__DUPLICATE_METHOD_MATCH = YES;
				"CODE_SIGN_IDENTITY[sdk=iphoneos*]" = "iPhone Developer";
				COPY_PHASE_STRIP = NO;
				DEBUG_INFORMATION_FORMAT = dwarf;
				ENABLE_STRICT_OBJC_MSGSEND = YES;
				ENABLE_TESTABILITY = YES;
				GCC_C_LANGUAGE_STANDARD = gnu99;
				GCC_DYNAMIC_NO_PIC = NO;
				GCC_NO_COMMON_BLOCKS = YES;
				GCC_OPTIMIZATION_LEVEL = 0;
				GCC_PREPROCESSOR_DEFINITIONS = (
					"DEBUG=1",
					"$(inherited)",
				);
				GCC_WARN_64_TO_32_BIT_CONVERSION = YES;
				GCC_WARN_ABOUT_RETURN_TYPE = YES_ERROR;
				GCC_WARN_UNDECLARED_SELECTOR = YES;
				GCC_WARN_UNINITIALIZED_AUTOS = YES_AGGRESSIVE;
				GCC_WARN_UNUSED_FUNCTION = YES;
				GCC_WARN_UNUSED_VARIABLE = YES;
				IPHONEOS_DEPLOYMENT_TARGET = 10.2;
				MTL_ENABLE_DEBUG_INFO = YES;
				ONLY_ACTIVE_ARCH = YES;
				SDKROOT = iphoneos;
				SWIFT_ACTIVE_COMPILATION_CONDITIONS = DEBUG;
				SWIFT_OPTIMIZATION_LEVEL = "-Onone";
			};
			name = Debug;
		};
		D59754EC1F98D340001BBE8B /* Release */ = {
			isa = XCBuildConfiguration;
			buildSettings = {
				ALWAYS_SEARCH_USER_PATHS = NO;
				CLANG_ANALYZER_NONNULL = YES;
				CLANG_CXX_LANGUAGE_STANDARD = "gnu++0x";
				CLANG_CXX_LIBRARY = "libc++";
				CLANG_ENABLE_MODULES = YES;
				CLANG_ENABLE_OBJC_ARC = YES;
				CLANG_WARN_BOOL_CONVERSION = YES;
				CLANG_WARN_CONSTANT_CONVERSION = YES;
				CLANG_WARN_DIRECT_OBJC_ISA_USAGE = YES_ERROR;
				CLANG_WARN_DOCUMENTATION_COMMENTS = YES;
				CLANG_WARN_EMPTY_BODY = YES;
				CLANG_WARN_ENUM_CONVERSION = YES;
				CLANG_WARN_INFINITE_RECURSION = YES;
				CLANG_WARN_INT_CONVERSION = YES;
				CLANG_WARN_OBJC_ROOT_CLASS = YES_ERROR;
				CLANG_WARN_SUSPICIOUS_MOVE = YES;
				CLANG_WARN_UNREACHABLE_CODE = YES;
				CLANG_WARN__DUPLICATE_METHOD_MATCH = YES;
				"CODE_SIGN_IDENTITY[sdk=iphoneos*]" = "iPhone Developer";
				COPY_PHASE_STRIP = NO;
				DEBUG_INFORMATION_FORMAT = "dwarf-with-dsym";
				ENABLE_NS_ASSERTIONS = NO;
				ENABLE_STRICT_OBJC_MSGSEND = YES;
				GCC_C_LANGUAGE_STANDARD = gnu99;
				GCC_NO_COMMON_BLOCKS = YES;
				GCC_WARN_64_TO_32_BIT_CONVERSION = YES;
				GCC_WARN_ABOUT_RETURN_TYPE = YES_ERROR;
				GCC_WARN_UNDECLARED_SELECTOR = YES;
				GCC_WARN_UNINITIALIZED_AUTOS = YES_AGGRESSIVE;
				GCC_WARN_UNUSED_FUNCTION = YES;
				GCC_WARN_UNUSED_VARIABLE = YES;
				IPHONEOS_DEPLOYMENT_TARGET = 10.2;
				MTL_ENABLE_DEBUG_INFO = NO;
				SDKROOT = iphoneos;
				SWIFT_OPTIMIZATION_LEVEL = "-Owholemodule";
				VALIDATE_PRODUCT = YES;
			};
			name = Release;
		};
		D59754EE1F98D340001BBE8B /* Debug */ = {
			isa = XCBuildConfiguration;
			baseConfigurationReference = 4E47D166CABD39F148E9B0FC /* Pods-PersonalFinance.debug.xcconfig */;
			buildSettings = {
				ASSETCATALOG_COMPILER_APPICON_NAME = AppIcon;
				DEVELOPMENT_TEAM = RRVMFHT69M;
				INFOPLIST_FILE = PersonalFinance/Info.plist;
				LD_RUNPATH_SEARCH_PATHS = "$(inherited) @executable_path/Frameworks";
				PRODUCT_BUNDLE_IDENTIFIER = UFRN.PersonalFinance;
				PRODUCT_NAME = "$(TARGET_NAME)";
				SWIFT_VERSION = 3.0;
			};
			name = Debug;
		};
		D59754EF1F98D340001BBE8B /* Release */ = {
			isa = XCBuildConfiguration;
			baseConfigurationReference = F3D209C5260E4608C9A4655B /* Pods-PersonalFinance.release.xcconfig */;
			buildSettings = {
				ASSETCATALOG_COMPILER_APPICON_NAME = AppIcon;
				DEVELOPMENT_TEAM = RRVMFHT69M;
				INFOPLIST_FILE = PersonalFinance/Info.plist;
				LD_RUNPATH_SEARCH_PATHS = "$(inherited) @executable_path/Frameworks";
				PRODUCT_BUNDLE_IDENTIFIER = UFRN.PersonalFinance;
				PRODUCT_NAME = "$(TARGET_NAME)";
				SWIFT_VERSION = 3.0;
			};
			name = Release;
		};
/* End XCBuildConfiguration section */

/* Begin XCConfigurationList section */
		D59754D61F98D33F001BBE8B /* Build configuration list for PBXProject "PersonalFinance" */ = {
			isa = XCConfigurationList;
			buildConfigurations = (
				D59754EB1F98D340001BBE8B /* Debug */,
				D59754EC1F98D340001BBE8B /* Release */,
			);
			defaultConfigurationIsVisible = 0;
			defaultConfigurationName = Release;
		};
		D59754ED1F98D340001BBE8B /* Build configuration list for PBXNativeTarget "PersonalFinance" */ = {
			isa = XCConfigurationList;
			buildConfigurations = (
				D59754EE1F98D340001BBE8B /* Debug */,
				D59754EF1F98D340001BBE8B /* Release */,
			);
			defaultConfigurationIsVisible = 0;
			defaultConfigurationName = Release;
		};
/* End XCConfigurationList section */
	};
	rootObject = D59754D31F98D33F001BBE8B /* Project object */;
}
